// !$*UTF8*$!
{
	archiveVersion = 1;
	classes = {
	};
	objectVersion = 55;
	objects = {

/* Begin PBXBuildFile section */
		2A5B08B527D0FB8000B3B600 /* AppDelegate.swift in Sources */ = {isa = PBXBuildFile; fileRef = 2A5B08B427D0FB8000B3B600 /* AppDelegate.swift */; };
		2A5B08B727D0FB8000B3B600 /* SceneDelegate.swift in Sources */ = {isa = PBXBuildFile; fileRef = 2A5B08B627D0FB8000B3B600 /* SceneDelegate.swift */; };
		2A5B08B927D0FB8000B3B600 /* ViewController.swift in Sources */ = {isa = PBXBuildFile; fileRef = 2A5B08B827D0FB8000B3B600 /* ViewController.swift */; };
		2A5B08BC27D0FB8000B3B600 /* Main.storyboard in Resources */ = {isa = PBXBuildFile; fileRef = 2A5B08BA27D0FB8000B3B600 /* Main.storyboard */; };
		2A5B08BE27D0FB8000B3B600 /* Assets.xcassets in Resources */ = {isa = PBXBuildFile; fileRef = 2A5B08BD27D0FB8000B3B600 /* Assets.xcassets */; };
		2A5B08C127D0FB8000B3B600 /* LaunchScreen.storyboard in Resources */ = {isa = PBXBuildFile; fileRef = 2A5B08BF27D0FB8000B3B600 /* LaunchScreen.storyboard */; };
		2A5B08CC27D0FB8100B3B600 /* ZSoccerTests.swift in Sources */ = {isa = PBXBuildFile; fileRef = 2A5B08CB27D0FB8100B3B600 /* ZSoccerTests.swift */; };
		2A5B08D627D0FB8100B3B600 /* ZSoccerUITests.swift in Sources */ = {isa = PBXBuildFile; fileRef = 2A5B08D527D0FB8100B3B600 /* ZSoccerUITests.swift */; };
		2A5B08D827D0FB8100B3B600 /* ZSoccerUITestsLaunchTests.swift in Sources */ = {isa = PBXBuildFile; fileRef = 2A5B08D727D0FB8100B3B600 /* ZSoccerUITestsLaunchTests.swift */; };
/* End PBXBuildFile section */

/* Begin PBXContainerItemProxy section */
		2A5B08C827D0FB8100B3B600 /* PBXContainerItemProxy */ = {
			isa = PBXContainerItemProxy;
			containerPortal = 2A5B08A927D0FB8000B3B600 /* Project object */;
			proxyType = 1;
			remoteGlobalIDString = 2A5B08B027D0FB8000B3B600;
			remoteInfo = ZSoccer;
		};
		2A5B08D227D0FB8100B3B600 /* PBXContainerItemProxy */ = {
			isa = PBXContainerItemProxy;
			containerPortal = 2A5B08A927D0FB8000B3B600 /* Project object */;
			proxyType = 1;
			remoteGlobalIDString = 2A5B08B027D0FB8000B3B600;
			remoteInfo = ZSoccer;
		};
/* End PBXContainerItemProxy section */

/* Begin PBXFileReference section */
		2A5B08B127D0FB8000B3B600 /* ZSoccer.app */ = {isa = PBXFileReference; explicitFileType = wrapper.application; includeInIndex = 0; path = ZSoccer.app; sourceTree = BUILT_PRODUCTS_DIR; };
		2A5B08B427D0FB8000B3B600 /* AppDelegate.swift */ = {isa = PBXFileReference; lastKnownFileType = sourcecode.swift; path = AppDelegate.swift; sourceTree = "<group>"; };
		2A5B08B627D0FB8000B3B600 /* SceneDelegate.swift */ = {isa = PBXFileReference; lastKnownFileType = sourcecode.swift; path = SceneDelegate.swift; sourceTree = "<group>"; };
		2A5B08B827D0FB8000B3B600 /* ViewController.swift */ = {isa = PBXFileReference; lastKnownFileType = sourcecode.swift; path = ViewController.swift; sourceTree = "<group>"; };
		2A5B08BB27D0FB8000B3B600 /* Base */ = {isa = PBXFileReference; lastKnownFileType = file.storyboard; name = Base; path = Base.lproj/Main.storyboard; sourceTree = "<group>"; };
		2A5B08BD27D0FB8000B3B600 /* Assets.xcassets */ = {isa = PBXFileReference; lastKnownFileType = folder.assetcatalog; path = Assets.xcassets; sourceTree = "<group>"; };
		2A5B08C027D0FB8000B3B600 /* Base */ = {isa = PBXFileReference; lastKnownFileType = file.storyboard; name = Base; path = Base.lproj/LaunchScreen.storyboard; sourceTree = "<group>"; };
		2A5B08C227D0FB8000B3B600 /* Info.plist */ = {isa = PBXFileReference; lastKnownFileType = text.plist.xml; path = Info.plist; sourceTree = "<group>"; };
		2A5B08C727D0FB8100B3B600 /* ZSoccerTests.xctest */ = {isa = PBXFileReference; explicitFileType = wrapper.cfbundle; includeInIndex = 0; path = ZSoccerTests.xctest; sourceTree = BUILT_PRODUCTS_DIR; };
		2A5B08CB27D0FB8100B3B600 /* ZSoccerTests.swift */ = {isa = PBXFileReference; lastKnownFileType = sourcecode.swift; path = ZSoccerTests.swift; sourceTree = "<group>"; };
		2A5B08D127D0FB8100B3B600 /* ZSoccerUITests.xctest */ = {isa = PBXFileReference; explicitFileType = wrapper.cfbundle; includeInIndex = 0; path = ZSoccerUITests.xctest; sourceTree = BUILT_PRODUCTS_DIR; };
		2A5B08D527D0FB8100B3B600 /* ZSoccerUITests.swift */ = {isa = PBXFileReference; lastKnownFileType = sourcecode.swift; path = ZSoccerUITests.swift; sourceTree = "<group>"; };
		2A5B08D727D0FB8100B3B600 /* ZSoccerUITestsLaunchTests.swift */ = {isa = PBXFileReference; lastKnownFileType = sourcecode.swift; path = ZSoccerUITestsLaunchTests.swift; sourceTree = "<group>"; };
/* End PBXFileReference section */

/* Begin PBXFrameworksBuildPhase section */
		2A5B08AE27D0FB8000B3B600 /* Frameworks */ = {
			isa = PBXFrameworksBuildPhase;
			buildActionMask = 2147483647;
			files = (
			);
			runOnlyForDeploymentPostprocessing = 0;
		};
		2A5B08C427D0FB8100B3B600 /* Frameworks */ = {
			isa = PBXFrameworksBuildPhase;
			buildActionMask = 2147483647;
			files = (
			);
			runOnlyForDeploymentPostprocessing = 0;
		};
		2A5B08CE27D0FB8100B3B600 /* Frameworks */ = {
			isa = PBXFrameworksBuildPhase;
			buildActionMask = 2147483647;
			files = (
			);
			runOnlyForDeploymentPostprocessing = 0;
		};
/* End PBXFrameworksBuildPhase section */

/* Begin PBXGroup section */
		2A5B08A827D0FB8000B3B600 = {
			isa = PBXGroup;
			children = (
				2A5B08B327D0FB8000B3B600 /* ZSoccer */,
				2A5B08CA27D0FB8100B3B600 /* ZSoccerTests */,
				2A5B08D427D0FB8100B3B600 /* ZSoccerUITests */,
				2A5B08B227D0FB8000B3B600 /* Products */,
			);
			sourceTree = "<group>";
		};
		2A5B08B227D0FB8000B3B600 /* Products */ = {
			isa = PBXGroup;
			children = (
				2A5B08B127D0FB8000B3B600 /* ZSoccer.app */,
				2A5B08C727D0FB8100B3B600 /* ZSoccerTests.xctest */,
				2A5B08D127D0FB8100B3B600 /* ZSoccerUITests.xctest */,
			);
			name = Products;
			sourceTree = "<group>";
		};
		2A5B08B327D0FB8000B3B600 /* ZSoccer */ = {
			isa = PBXGroup;
			children = (
				2A5B08B427D0FB8000B3B600 /* AppDelegate.swift */,
				2A5B08B627D0FB8000B3B600 /* SceneDelegate.swift */,
				2A5B08B827D0FB8000B3B600 /* ViewController.swift */,
				2A5B08BA27D0FB8000B3B600 /* Main.storyboard */,
				2A5B08BD27D0FB8000B3B600 /* Assets.xcassets */,
				2A5B08BF27D0FB8000B3B600 /* LaunchScreen.storyboard */,
				2A5B08C227D0FB8000B3B600 /* Info.plist */,
			);
			path = ZSoccer;
			sourceTree = "<group>";
		};
		2A5B08CA27D0FB8100B3B600 /* ZSoccerTests */ = {
			isa = PBXGroup;
			children = (
				2A5B08CB27D0FB8100B3B600 /* ZSoccerTests.swift */,
			);
			path = ZSoccerTests;
			sourceTree = "<group>";
		};
		2A5B08D427D0FB8100B3B600 /* ZSoccerUITests */ = {
			isa = PBXGroup;
			children = (
				2A5B08D527D0FB8100B3B600 /* ZSoccerUITests.swift */,
				2A5B08D727D0FB8100B3B600 /* ZSoccerUITestsLaunchTests.swift */,
			);
			path = ZSoccerUITests;
			sourceTree = "<group>";
		};
/* End PBXGroup section */

/* Begin PBXNativeTarget section */
		2A5B08B027D0FB8000B3B600 /* ZSoccer */ = {
			isa = PBXNativeTarget;
			buildConfigurationList = 2A5B08DB27D0FB8100B3B600 /* Build configuration list for PBXNativeTarget "ZSoccer" */;
			buildPhases = (
				2A5B08AD27D0FB8000B3B600 /* Sources */,
				2A5B08AE27D0FB8000B3B600 /* Frameworks */,
				2A5B08AF27D0FB8000B3B600 /* Resources */,
			);
			buildRules = (
			);
			dependencies = (
			);
			name = ZSoccer;
			productName = ZSoccer;
			productReference = 2A5B08B127D0FB8000B3B600 /* ZSoccer.app */;
			productType = "com.apple.product-type.application";
		};
		2A5B08C627D0FB8100B3B600 /* ZSoccerTests */ = {
			isa = PBXNativeTarget;
			buildConfigurationList = 2A5B08DE27D0FB8100B3B600 /* Build configuration list for PBXNativeTarget "ZSoccerTests" */;
			buildPhases = (
				2A5B08C327D0FB8100B3B600 /* Sources */,
				2A5B08C427D0FB8100B3B600 /* Frameworks */,
				2A5B08C527D0FB8100B3B600 /* Resources */,
			);
			buildRules = (
			);
			dependencies = (
				2A5B08C927D0FB8100B3B600 /* PBXTargetDependency */,
			);
			name = ZSoccerTests;
			productName = ZSoccerTests;
			productReference = 2A5B08C727D0FB8100B3B600 /* ZSoccerTests.xctest */;
			productType = "com.apple.product-type.bundle.unit-test";
		};
		2A5B08D027D0FB8100B3B600 /* ZSoccerUITests */ = {
			isa = PBXNativeTarget;
			buildConfigurationList = 2A5B08E127D0FB8100B3B600 /* Build configuration list for PBXNativeTarget "ZSoccerUITests" */;
			buildPhases = (
				2A5B08CD27D0FB8100B3B600 /* Sources */,
				2A5B08CE27D0FB8100B3B600 /* Frameworks */,
				2A5B08CF27D0FB8100B3B600 /* Resources */,
			);
			buildRules = (
			);
			dependencies = (
				2A5B08D327D0FB8100B3B600 /* PBXTargetDependency */,
			);
			name = ZSoccerUITests;
			productName = ZSoccerUITests;
			productReference = 2A5B08D127D0FB8100B3B600 /* ZSoccerUITests.xctest */;
			productType = "com.apple.product-type.bundle.ui-testing";
		};
/* End PBXNativeTarget section */

/* Begin PBXProject section */
		2A5B08A927D0FB8000B3B600 /* Project object */ = {
			isa = PBXProject;
			attributes = {
				BuildIndependentTargetsInParallel = 1;
				LastSwiftUpdateCheck = 1320;
				LastUpgradeCheck = 1320;
				TargetAttributes = {
					2A5B08B027D0FB8000B3B600 = {
						CreatedOnToolsVersion = 13.2.1;
					};
					2A5B08C627D0FB8100B3B600 = {
						CreatedOnToolsVersion = 13.2.1;
						TestTargetID = 2A5B08B027D0FB8000B3B600;
					};
					2A5B08D027D0FB8100B3B600 = {
						CreatedOnToolsVersion = 13.2.1;
						TestTargetID = 2A5B08B027D0FB8000B3B600;
					};
				};
			};
			buildConfigurationList = 2A5B08AC27D0FB8000B3B600 /* Build configuration list for PBXProject "ZSoccer" */;
			compatibilityVersion = "Xcode 13.0";
			developmentRegion = en;
			hasScannedForEncodings = 0;
			knownRegions = (
				en,
				Base,
			);
			mainGroup = 2A5B08A827D0FB8000B3B600;
			productRefGroup = 2A5B08B227D0FB8000B3B600 /* Products */;
			projectDirPath = "";
			projectRoot = "";
			targets = (
				2A5B08B027D0FB8000B3B600 /* ZSoccer */,
				2A5B08C627D0FB8100B3B600 /* ZSoccerTests */,
				2A5B08D027D0FB8100B3B600 /* ZSoccerUITests */,
			);
		};
/* End PBXProject section */

/* Begin PBXResourcesBuildPhase section */
		2A5B08AF27D0FB8000B3B600 /* Resources */ = {
			isa = PBXResourcesBuildPhase;
			buildActionMask = 2147483647;
			files = (
				2A5B08C127D0FB8000B3B600 /* LaunchScreen.storyboard in Resources */,
				2A5B08BE27D0FB8000B3B600 /* Assets.xcassets in Resources */,
				2A5B08BC27D0FB8000B3B600 /* Main.storyboard in Resources */,
			);
			runOnlyForDeploymentPostprocessing = 0;
		};
		2A5B08C527D0FB8100B3B600 /* Resources */ = {
			isa = PBXResourcesBuildPhase;
			buildActionMask = 2147483647;
			files = (
			);
			runOnlyForDeploymentPostprocessing = 0;
		};
		2A5B08CF27D0FB8100B3B600 /* Resources */ = {
			isa = PBXResourcesBuildPhase;
			buildActionMask = 2147483647;
			files = (
			);
			runOnlyForDeploymentPostprocessing = 0;
		};
/* End PBXResourcesBuildPhase section */

/* Begin PBXSourcesBuildPhase section */
		2A5B08AD27D0FB8000B3B600 /* Sources */ = {
			isa = PBXSourcesBuildPhase;
			buildActionMask = 2147483647;
			files = (
				2A5B08B927D0FB8000B3B600 /* ViewController.swift in Sources */,
				2A5B08B527D0FB8000B3B600 /* AppDelegate.swift in Sources */,
				2A5B08B727D0FB8000B3B600 /* SceneDelegate.swift in Sources */,
			);
			runOnlyForDeploymentPostprocessing = 0;
		};
		2A5B08C327D0FB8100B3B600 /* Sources */ = {
			isa = PBXSourcesBuildPhase;
			buildActionMask = 2147483647;
			files = (
				2A5B08CC27D0FB8100B3B600 /* ZSoccerTests.swift in Sources */,
			);
			runOnlyForDeploymentPostprocessing = 0;
		};
		2A5B08CD27D0FB8100B3B600 /* Sources */ = {
			isa = PBXSourcesBuildPhase;
			buildActionMask = 2147483647;
			files = (
				2A5B08D827D0FB8100B3B600 /* ZSoccerUITestsLaunchTests.swift in Sources */,
				2A5B08D627D0FB8100B3B600 /* ZSoccerUITests.swift in Sources */,
			);
			runOnlyForDeploymentPostprocessing = 0;
		};
/* End PBXSourcesBuildPhase section */

/* Begin PBXTargetDependency section */
		2A5B08C927D0FB8100B3B600 /* PBXTargetDependency */ = {
			isa = PBXTargetDependency;
			target = 2A5B08B027D0FB8000B3B600 /* ZSoccer */;
			targetProxy = 2A5B08C827D0FB8100B3B600 /* PBXContainerItemProxy */;
		};
		2A5B08D327D0FB8100B3B600 /* PBXTargetDependency */ = {
			isa = PBXTargetDependency;
			target = 2A5B08B027D0FB8000B3B600 /* ZSoccer */;
			targetProxy = 2A5B08D227D0FB8100B3B600 /* PBXContainerItemProxy */;
		};
/* End PBXTargetDependency section */

/* Begin PBXVariantGroup section */
		2A5B08BA27D0FB8000B3B600 /* Main.storyboard */ = {
			isa = PBXVariantGroup;
			children = (
				2A5B08BB27D0FB8000B3B600 /* Base */,
			);
			name = Main.storyboard;
			sourceTree = "<group>";
		};
		2A5B08BF27D0FB8000B3B600 /* LaunchScreen.storyboard */ = {
			isa = PBXVariantGroup;
			children = (
				2A5B08C027D0FB8000B3B600 /* Base */,
			);
			name = LaunchScreen.storyboard;
			sourceTree = "<group>";
		};
/* End PBXVariantGroup section */

/* Begin XCBuildConfiguration section */
		2A5B08D927D0FB8100B3B600 /* Debug */ = {
			isa = XCBuildConfiguration;
			buildSettings = {
				ALWAYS_SEARCH_USER_PATHS = NO;
				CLANG_ANALYZER_NONNULL = YES;
				CLANG_ANALYZER_NUMBER_OBJECT_CONVERSION = YES_AGGRESSIVE;
				CLANG_CXX_LANGUAGE_STANDARD = "gnu++17";
				CLANG_CXX_LIBRARY = "libc++";
				CLANG_ENABLE_MODULES = YES;
				CLANG_ENABLE_OBJC_ARC = YES;
				CLANG_ENABLE_OBJC_WEAK = YES;
				CLANG_WARN_BLOCK_CAPTURE_AUTORELEASING = YES;
				CLANG_WARN_BOOL_CONVERSION = YES;
				CLANG_WARN_COMMA = YES;
				CLANG_WARN_CONSTANT_CONVERSION = YES;
				CLANG_WARN_DEPRECATED_OBJC_IMPLEMENTATIONS = YES;
				CLANG_WARN_DIRECT_OBJC_ISA_USAGE = YES_ERROR;
				CLANG_WARN_DOCUMENTATION_COMMENTS = YES;
				CLANG_WARN_EMPTY_BODY = YES;
				CLANG_WARN_ENUM_CONVERSION = YES;
				CLANG_WARN_INFINITE_RECURSION = YES;
				CLANG_WARN_INT_CONVERSION = YES;
				CLANG_WARN_NON_LITERAL_NULL_CONVERSION = YES;
				CLANG_WARN_OBJC_IMPLICIT_RETAIN_SELF = YES;
				CLANG_WARN_OBJC_LITERAL_CONVERSION = YES;
				CLANG_WARN_OBJC_ROOT_CLASS = YES_ERROR;
				CLANG_WARN_QUOTED_INCLUDE_IN_FRAMEWORK_HEADER = YES;
				CLANG_WARN_RANGE_LOOP_ANALYSIS = YES;
				CLANG_WARN_STRICT_PROTOTYPES = YES;
				CLANG_WARN_SUSPICIOUS_MOVE = YES;
				CLANG_WARN_UNGUARDED_AVAILABILITY = YES_AGGRESSIVE;
				CLANG_WARN_UNREACHABLE_CODE = YES;
				CLANG_WARN__DUPLICATE_METHOD_MATCH = YES;
				COPY_PHASE_STRIP = NO;
				DEBUG_INFORMATION_FORMAT = dwarf;
				ENABLE_STRICT_OBJC_MSGSEND = YES;
				ENABLE_TESTABILITY = YES;
				GCC_C_LANGUAGE_STANDARD = gnu11;
				GCC_DYNAMIC_NO_PIC = NO;
				GCC_NO_COMMON_BLOCKS = YES;
				GCC_OPTIMIZATION_LEVEL = 0;
				GCC_PREPROCESSOR_DEFINITIONS = (
					"DEBUG=1",
					"$(inherited)",
				);
				GCC_WARN_64_TO_32_BIT_CONVERSION = YES;
				GCC_WARN_ABOUT_RETURN_TYPE = YES_ERROR;
				GCC_WARN_UNDECLARED_SELECTOR = YES;
				GCC_WARN_UNINITIALIZED_AUTOS = YES_AGGRESSIVE;
				GCC_WARN_UNUSED_FUNCTION = YES;
				GCC_WARN_UNUSED_VARIABLE = YES;
				IPHONEOS_DEPLOYMENT_TARGET = 15.2;
				MTL_ENABLE_DEBUG_INFO = INCLUDE_SOURCE;
				MTL_FAST_MATH = YES;
				ONLY_ACTIVE_ARCH = YES;
				SDKROOT = iphoneos;
				SWIFT_ACTIVE_COMPILATION_CONDITIONS = DEBUG;
				SWIFT_OPTIMIZATION_LEVEL = "-Onone";
			};
			name = Debug;
		};
		2A5B08DA27D0FB8100B3B600 /* Release */ = {
			isa = XCBuildConfiguration;
			buildSettings = {
				ALWAYS_SEARCH_USER_PATHS = NO;
				CLANG_ANALYZER_NONNULL = YES;
				CLANG_ANALYZER_NUMBER_OBJECT_CONVERSION = YES_AGGRESSIVE;
				CLANG_CXX_LANGUAGE_STANDARD = "gnu++17";
				CLANG_CXX_LIBRARY = "libc++";
				CLANG_ENABLE_MODULES = YES;
				CLANG_ENABLE_OBJC_ARC = YES;
				CLANG_ENABLE_OBJC_WEAK = YES;
				CLANG_WARN_BLOCK_CAPTURE_AUTORELEASING = YES;
				CLANG_WARN_BOOL_CONVERSION = YES;
				CLANG_WARN_COMMA = YES;
				CLANG_WARN_CONSTANT_CONVERSION = YES;
				CLANG_WARN_DEPRECATED_OBJC_IMPLEMENTATIONS = YES;
				CLANG_WARN_DIRECT_OBJC_ISA_USAGE = YES_ERROR;
				CLANG_WARN_DOCUMENTATION_COMMENTS = YES;
				CLANG_WARN_EMPTY_BODY = YES;
				CLANG_WARN_ENUM_CONVERSION = YES;
				CLANG_WARN_INFINITE_RECURSION = YES;
				CLANG_WARN_INT_CONVERSION = YES;
				CLANG_WARN_NON_LITERAL_NULL_CONVERSION = YES;
				CLANG_WARN_OBJC_IMPLICIT_RETAIN_SELF = YES;
				CLANG_WARN_OBJC_LITERAL_CONVERSION = YES;
				CLANG_WARN_OBJC_ROOT_CLASS = YES_ERROR;
				CLANG_WARN_QUOTED_INCLUDE_IN_FRAMEWORK_HEADER = YES;
				CLANG_WARN_RANGE_LOOP_ANALYSIS = YES;
				CLANG_WARN_STRICT_PROTOTYPES = YES;
				CLANG_WARN_SUSPICIOUS_MOVE = YES;
				CLANG_WARN_UNGUARDED_AVAILABILITY = YES_AGGRESSIVE;
				CLANG_WARN_UNREACHABLE_CODE = YES;
				CLANG_WARN__DUPLICATE_METHOD_MATCH = YES;
				COPY_PHASE_STRIP = NO;
				DEBUG_INFORMATION_FORMAT = "dwarf-with-dsym";
				ENABLE_NS_ASSERTIONS = NO;
				ENABLE_STRICT_OBJC_MSGSEND = YES;
				GCC_C_LANGUAGE_STANDARD = gnu11;
				GCC_NO_COMMON_BLOCKS = YES;
				GCC_WARN_64_TO_32_BIT_CONVERSION = YES;
				GCC_WARN_ABOUT_RETURN_TYPE = YES_ERROR;
				GCC_WARN_UNDECLARED_SELECTOR = YES;
				GCC_WARN_UNINITIALIZED_AUTOS = YES_AGGRESSIVE;
				GCC_WARN_UNUSED_FUNCTION = YES;
				GCC_WARN_UNUSED_VARIABLE = YES;
				IPHONEOS_DEPLOYMENT_TARGET = 15.2;
				MTL_ENABLE_DEBUG_INFO = NO;
				MTL_FAST_MATH = YES;
				SDKROOT = iphoneos;
				SWIFT_COMPILATION_MODE = wholemodule;
				SWIFT_OPTIMIZATION_LEVEL = "-O";
				VALIDATE_PRODUCT = YES;
			};
			name = Release;
		};
		2A5B08DC27D0FB8100B3B600 /* Debug */ = {
			isa = XCBuildConfiguration;
			buildSettings = {
				ASSETCATALOG_COMPILER_APPICON_NAME = AppIcon;
				ASSETCATALOG_COMPILER_GLOBAL_ACCENT_COLOR_NAME = AccentColor;
				CODE_SIGN_STYLE = Automatic;
				CURRENT_PROJECT_VERSION = 1;
				DEVELOPMENT_TEAM = 5XTXBW9H5P;
				GENERATE_INFOPLIST_FILE = YES;
				INFOPLIST_FILE = ZSoccer/Info.plist;
				INFOPLIST_KEY_UIApplicationSupportsIndirectInputEvents = YES;
				INFOPLIST_KEY_UILaunchStoryboardName = LaunchScreen;
				INFOPLIST_KEY_UIMainStoryboardFile = Main;
				INFOPLIST_KEY_UISupportedInterfaceOrientations_iPad = "UIInterfaceOrientationPortrait UIInterfaceOrientationPortraitUpsideDown UIInterfaceOrientationLandscapeLeft UIInterfaceOrientationLandscapeRight";
				INFOPLIST_KEY_UISupportedInterfaceOrientations_iPhone = "UIInterfaceOrientationPortrait UIInterfaceOrientationLandscapeLeft UIInterfaceOrientationLandscapeRight";
				LD_RUNPATH_SEARCH_PATHS = (
					"$(inherited)",
					"@executable_path/Frameworks",
				);
				MARKETING_VERSION = 1.0;
				PRODUCT_BUNDLE_IDENTIFIER = educanet.net.ZSoccer;
				PRODUCT_NAME = "$(TARGET_NAME)";
				SWIFT_EMIT_LOC_STRINGS = YES;
				SWIFT_VERSION = 5.0;
				TARGETED_DEVICE_FAMILY = "1,2";
			};
			name = Debug;
		};
		2A5B08DD27D0FB8100B3B600 /* Release */ = {
			isa = XCBuildConfiguration;
			buildSettings = {
				ASSETCATALOG_COMPILER_APPICON_NAME = AppIcon;
				ASSETCATALOG_COMPILER_GLOBAL_ACCENT_COLOR_NAME = AccentColor;
				CODE_SIGN_STYLE = Automatic;
				CURRENT_PROJECT_VERSION = 1;
				DEVELOPMENT_TEAM = 5XTXBW9H5P;
				GENERATE_INFOPLIST_FILE = YES;
				INFOPLIST_FILE = ZSoccer/Info.plist;
				INFOPLIST_KEY_UIApplicationSupportsIndirectInputEvents = YES;
				INFOPLIST_KEY_UILaunchStoryboardName = LaunchScreen;
				INFOPLIST_KEY_UIMainStoryboardFile = Main;
				INFOPLIST_KEY_UISupportedInterfaceOrientations_iPad = "UIInterfaceOrientationPortrait UIInterfaceOrientationPortraitUpsideDown UIInterfaceOrientationLandscapeLeft UIInterfaceOrientationLandscapeRight";
				INFOPLIST_KEY_UISupportedInterfaceOrientations_iPhone = "UIInterfaceOrientationPortrait UIInterfaceOrientationLandscapeLeft UIInterfaceOrientationLandscapeRight";
				LD_RUNPATH_SEARCH_PATHS = (
					"$(inherited)",
					"@executable_path/Frameworks",
				);
				MARKETING_VERSION = 1.0;
				PRODUCT_BUNDLE_IDENTIFIER = educanet.net.ZSoccer;
				PRODUCT_NAME = "$(TARGET_NAME)";
				SWIFT_EMIT_LOC_STRINGS = YES;
				SWIFT_VERSION = 5.0;
				TARGETED_DEVICE_FAMILY = "1,2";
			};
			name = Release;
		};
		2A5B08DF27D0FB8100B3B600 /* Debug */ = {
			isa = XCBuildConfiguration;
			buildSettings = {
				ALWAYS_EMBED_SWIFT_STANDARD_LIBRARIES = YES;
				BUNDLE_LOADER = "$(TEST_HOST)";
				CODE_SIGN_STYLE = Automatic;
				CURRENT_PROJECT_VERSION = 1;
				DEVELOPMENT_TEAM = 5XTXBW9H5P;
				GENERATE_INFOPLIST_FILE = YES;
				IPHONEOS_DEPLOYMENT_TARGET = 15.2;
				MARKETING_VERSION = 1.0;
				PRODUCT_BUNDLE_IDENTIFIER = educanet.net.ZSoccerTests;
				PRODUCT_NAME = "$(TARGET_NAME)";
				SWIFT_EMIT_LOC_STRINGS = NO;
				SWIFT_VERSION = 5.0;
				TARGETED_DEVICE_FAMILY = "1,2";
				TEST_HOST = "$(BUILT_PRODUCTS_DIR)/ZSoccer.app/ZSoccer";
			};
			name = Debug;
		};
		2A5B08E027D0FB8100B3B600 /* Release */ = {
			isa = XCBuildConfiguration;
			buildSettings = {
				ALWAYS_EMBED_SWIFT_STANDARD_LIBRARIES = YES;
				BUNDLE_LOADER = "$(TEST_HOST)";
				CODE_SIGN_STYLE = Automatic;
				CURRENT_PROJECT_VERSION = 1;
				DEVELOPMENT_TEAM = 5XTXBW9H5P;
				GENERATE_INFOPLIST_FILE = YES;
				IPHONEOS_DEPLOYMENT_TARGET = 15.2;
				MARKETING_VERSION = 1.0;
				PRODUCT_BUNDLE_IDENTIFIER = educanet.net.ZSoccerTests;
				PRODUCT_NAME = "$(TARGET_NAME)";
				SWIFT_EMIT_LOC_STRINGS = NO;
				SWIFT_VERSION = 5.0;
				TARGETED_DEVICE_FAMILY = "1,2";
				TEST_HOST = "$(BUILT_PRODUCTS_DIR)/ZSoccer.app/ZSoccer";
			};
			name = Release;
		};
		2A5B08E227D0FB8100B3B600 /* Debug */ = {
			isa = XCBuildConfiguration;
			buildSettings = {
				ALWAYS_EMBED_SWIFT_STANDARD_LIBRARIES = YES;
				CODE_SIGN_STYLE = Automatic;
				CURRENT_PROJECT_VERSION = 1;
				DEVELOPMENT_TEAM = 5XTXBW9H5P;
				GENERATE_INFOPLIST_FILE = YES;
				MARKETING_VERSION = 1.0;
				PRODUCT_BUNDLE_IDENTIFIER = educanet.net.ZSoccerUITests;
				PRODUCT_NAME = "$(TARGET_NAME)";
				SWIFT_EMIT_LOC_STRINGS = NO;
				SWIFT_VERSION = 5.0;
				TARGETED_DEVICE_FAMILY = "1,2";
				TEST_TARGET_NAME = ZSoccer;
			};
			name = Debug;
		};
		2A5B08E327D0FB8100B3B600 /* Release */ = {
			isa = XCBuildConfiguration;
			buildSettings = {
				ALWAYS_EMBED_SWIFT_STANDARD_LIBRARIES = YES;
				CODE_SIGN_STYLE = Automatic;
				CURRENT_PROJECT_VERSION = 1;
				DEVELOPMENT_TEAM = 5XTXBW9H5P;
				GENERATE_INFOPLIST_FILE = YES;
				MARKETING_VERSION = 1.0;
				PRODUCT_BUNDLE_IDENTIFIER = educanet.net.ZSoccerUITests;
				PRODUCT_NAME = "$(TARGET_NAME)";
				SWIFT_EMIT_LOC_STRINGS = NO;
				SWIFT_VERSION = 5.0;
				TARGETED_DEVICE_FAMILY = "1,2";
				TEST_TARGET_NAME = ZSoccer;
			};
			name = Release;
		};
/* End XCBuildConfiguration section */

/* Begin XCConfigurationList section */
		2A5B08AC27D0FB8000B3B600 /* Build configuration list for PBXProject "ZSoccer" */ = {
			isa = XCConfigurationList;
			buildConfigurations = (
				2A5B08D927D0FB8100B3B600 /* Debug */,
				2A5B08DA27D0FB8100B3B600 /* Release */,
			);
			defaultConfigurationIsVisible = 0;
			defaultConfigurationName = Release;
		};
		2A5B08DB27D0FB8100B3B600 /* Build configuration list for PBXNativeTarget "ZSoccer" */ = {
			isa = XCConfigurationList;
			buildConfigurations = (
				2A5B08DC27D0FB8100B3B600 /* Debug */,
				2A5B08DD27D0FB8100B3B600 /* Release */,
			);
			defaultConfigurationIsVisible = 0;
			defaultConfigurationName = Release;
		};
		2A5B08DE27D0FB8100B3B600 /* Build configuration list for PBXNativeTarget "ZSoccerTests" */ = {
			isa = XCConfigurationList;
			buildConfigurations = (
				2A5B08DF27D0FB8100B3B600 /* Debug */,
				2A5B08E027D0FB8100B3B600 /* Release */,
			);
			defaultConfigurationIsVisible = 0;
			defaultConfigurationName = Release;
		};
		2A5B08E127D0FB8100B3B600 /* Build configuration list for PBXNativeTarget "ZSoccerUITests" */ = {
			isa = XCConfigurationList;
			buildConfigurations = (
				2A5B08E227D0FB8100B3B600 /* Debug */,
				2A5B08E327D0FB8100B3B600 /* Release */,
			);
			defaultConfigurationIsVisible = 0;
			defaultConfigurationName = Release;
		};
/* End XCConfigurationList section */
	};
	rootObject = 2A5B08A927D0FB8000B3B600 /* Project object */;
}
